
Microsoft Visual Studio Solution File, Format Version 12.00
# Visual Studio Version 17
VisualStudioVersion = 17.11.35208.52
MinimumVisualStudioVersion = 10.0.40219.1
Project("{9A19103F-16F7-4668-BE54-9A1E7A4F7556}") = "LibraryManagement", "LibraryManagement\LibraryManagement.csproj", "{990DA444-D55E-448E-8517-41DA0401DA75}"
EndProject
Global
	GlobalSection(SolutionConfigurationPlatforms) = preSolution
		Debug|Any CPU = Debug|Any CPU
		Release|Any CPU = Release|Any CPU
	EndGlobalSection
	GlobalSection(ProjectConfigurationPlatforms) = postSolution
		{990DA444-D55E-448E-8517-41DA0401DA75}.Debug|Any CPU.ActiveCfg = Debug|Any CPU
		{990DA444-D55E-448E-8517-41DA0401DA75}.Debug|Any CPU.Build.0 = Debug|Any CPU
		{990DA444-D55E-448E-8517-41DA0401DA75}.Release|Any CPU.ActiveCfg = Release|Any CPU
		{990DA444-D55E-448E-8517-41DA0401DA75}.Release|Any CPU.Build.0 = Release|Any CPU
	EndGlobalSection
	GlobalSection(SolutionProperties) = preSolution
		HideSolutionNode = FALSE
	EndGlobalSection
	GlobalSection(ExtensibilityGlobals) = postSolution
		SolutionGuid = {1A1B681D-C507-4C24-8A6B-A98474055C98}
	EndGlobalSection
EndGlobal
